github.com/logrusorgru/aurora v2.0.3+incompatible/go.mod h1:7rIyQOR62GCctdiQpZ/zOJlFyk6y+94wXzv6RNZgaR4=
github.com/skeptycal/defaults v0.1.0-1643731169010399 h1:qf1WCFOwl35756DNSvVJ/3KZtLlgHDmGzPwMv9KgPK8=
github.com/skeptycal/defaults v0.1.0-1643731169010399/go.mod h1:3LM7J/fLFPTsTgcg80MrET+fD6M4somERA7FBTW4SaA=
